# THIS IS AN AUTOGENERATED FILE. DO NOT EDIT THIS FILE DIRECTLY.
# yarn lockfile v1


"@apollo/react-common@^3.1.2":
  version "3.1.2"
  resolved "https://registry.yarnpkg.com/@apollo/react-common/-/react-common-3.1.2.tgz#19feb1d264c1e82e9610f68298a9dd89513060ea"
  integrity sha512-6+gTeBZoIyCE6VnHD2EI9Wz+Dm05MBxplUTmVgswzvTe05lUO78SxGgB3XJc9GM/TmNexgCc0eS84vUpG/f6Tg==
  dependencies:
    ts-invariant "^0.4.4"
    tslib "^1.10.0"

"@apollo/react-hooks@^3.1.2":
  version "3.1.2"
  resolved "https://registry.yarnpkg.com/@apollo/react-hooks/-/react-hooks-3.1.2.tgz#3f889f9448ebb32faf164117f1f63d9ffa18f5d9"
  integrity sha512-PV5u40E9iwfwM7u61r2P9PTjcGaM3zRwiwrJGDKOKaOn1Y9wTHhKOVEQa7YOsCWciSaMVK1slpKMvQbD2Ypqtw==
  dependencies:
    "@apollo/react-common" "^3.1.2"
    "@wry/equality" "^0.1.9"
    ts-invariant "^0.4.4"
    tslib "^1.10.0"

"@wry/equality@^0.1.9":
  version "0.1.9"
  resolved "https://registry.yarnpkg.com/@wry/equality/-/equality-0.1.9.tgz#b13e18b7a8053c6858aa6c85b54911fb31e3a909"
  integrity sha512-mB6ceGjpMGz1ZTza8HYnrPGos2mC6So4NhS1PtZ8s4Qt0K7fBiIGhpSxUbQmhwcSWE3no+bYxmI2OL6KuXYmoQ==
  dependencies:
    tslib "^1.9.3"

ts-invariant@^0.4.4:
  version "0.4.4"
  resolved "https://registry.yarnpkg.com/ts-invariant/-/ts-invariant-0.4.4.tgz#97a523518688f93aafad01b0e80eb803eb2abd86"
  integrity sha512-uEtWkFM/sdZvRNNDL3Ehu4WVpwaulhwQszV8mrtcdeE8nN00BV9mAmQ88RkrBhFgl9gMgvjJLAQcZbnPXI9mlA==
  dependencies:
    tslib "^1.9.3"

tslib@^1.10.0, tslib@^1.9.3:
  version "1.10.0"
  resolved "https://registry.yarnpkg.com/tslib/-/tslib-1.10.0.tgz#c3c19f95973fb0a62973fb09d90d961ee43e5c8a"
  integrity sha512-qOebF53frne81cf0S9B41ByenJ3/IuH8yJKngAX35CmiZySA0khhkovshKK+jGCaMnVomla7gVlIcc3EvKPbTQ==
